
Microsoft Visual Studio Solution File, Format Version 12.00
# Visual Studio Version 17
VisualStudioVersion = 17.11.35312.102
MinimumVisualStudioVersion = 10.0.40219.1
Project("{2150E333-8FDC-42A3-9474-1A3956D46DE8}") = "Task0", "Task0", "{ACA683D0-330B-4E67-A55A-5E6A9232B2A2}"
EndProject
Project("{9A19103F-16F7-4668-BE54-9A1E7A4F7556}") = "Tyuiu.ZhuriloNA.Sprint4.Task0.V12", "Tyuiu.ZhuriloNA.Sprint4.Task0.V12\Tyuiu.ZhuriloNA.Sprint4.Task0.V12.csproj", "{49732BEA-6CC4-47C6-9451-35D0EE2088FD}"
EndProject
Project("{9A19103F-16F7-4668-BE54-9A1E7A4F7556}") = "Tyuiu.ZhuriloNA.Sprint4.Task0.V12.Lib", "Tyuiu.ZhuriloNA.Sprint4.Task0.V12.Lib\Tyuiu.ZhuriloNA.Sprint4.Task0.V12.Lib.csproj", "{60D10923-82C1-4132-9476-C76E949FF08B}"
EndProject
Project("{9A19103F-16F7-4668-BE54-9A1E7A4F7556}") = "Tyuiu.ZhuriloNA.Sprint4.Task0.V12.Test", "Tyuiu.ZhuriloNA.Sprint4.Task0.V12.Test\Tyuiu.ZhuriloNA.Sprint4.Task0.V12.Test.csproj", "{661BF851-7C79-4EBC-99D2-A3FAC1993648}"
EndProject
Project("{2150E333-8FDC-42A3-9474-1A3956D46DE8}") = "Task1", "Task1", "{D1FFE22A-406D-4415-B2CC-D3358CDD1BF9}"
EndProject
Project("{9A19103F-16F7-4668-BE54-9A1E7A4F7556}") = "Tyuiu.ZhuriloNA.Sprint4.Task1.V6", "Tyuiu.ZhuriloNA.Sprint4.Task1.V6\Tyuiu.ZhuriloNA.Sprint4.Task1.V6.csproj", "{76C90090-1D6B-4674-A797-BC0F0B3EF1F4}"
EndProject
Project("{9A19103F-16F7-4668-BE54-9A1E7A4F7556}") = "Tyuiu.ZhuriloNA.Sprint4.Task1.V6.Lib", "Tyuiu.ZhuriloNA.Sprint4.Task1.V6.Lib\Tyuiu.ZhuriloNA.Sprint4.Task1.V6.Lib.csproj", "{0AE42B32-4507-4989-A772-04AACB873308}"
EndProject
Project("{9A19103F-16F7-4668-BE54-9A1E7A4F7556}") = "Tyuiu.ZhuriloNA.Sprint4.Task1.V6.Test", "Tyuiu.ZhuriloNA.Sprint4.Task1.V6.Test\Tyuiu.ZhuriloNA.Sprint4.Task1.V6.Test.csproj", "{178285AD-2763-460C-8A19-986FB153B836}"
EndProject
Project("{2150E333-8FDC-42A3-9474-1A3956D46DE8}") = "Task2", "Task2", "{1E134585-8BDE-4D8C-8CD9-FE13B0BFC596}"
EndProject
Project("{9A19103F-16F7-4668-BE54-9A1E7A4F7556}") = "Tyuiu.ZhuriloNA.Sprint4.Task2.V7", "Tyuiu.ZhuriloNA.Sprint4.Task2.V7\Tyuiu.ZhuriloNA.Sprint4.Task2.V7.csproj", "{21F77D83-1854-4669-98DC-4807CCDF465C}"
EndProject
Project("{9A19103F-16F7-4668-BE54-9A1E7A4F7556}") = "Tyuiu.ZhuriloNA.Sprint4.Task2.V7.Lib", "Tyuiu.ZhuriloNA.Sprint4.Task2.V7.Lib\Tyuiu.ZhuriloNA.Sprint4.Task2.V7.Lib.csproj", "{910F7437-0795-4AEC-BDA3-43CB8A81257A}"
EndProject
Project("{9A19103F-16F7-4668-BE54-9A1E7A4F7556}") = "Tyuiu.ZhuriloNA.Sprint4.Task2.V7.Test", "Tyuiu.ZhuriloNA.Sprint4.Task2.V7.Test\Tyuiu.ZhuriloNA.Sprint4.Task2.V7.Test.csproj", "{EDD35FC1-9879-47CA-8D00-A06042F1B650}"
EndProject
Project("{2150E333-8FDC-42A3-9474-1A3956D46DE8}") = "Task3", "Task3", "{B3A1E1A0-B838-4765-906A-1CFFFE1CF689}"
EndProject
Project("{9A19103F-16F7-4668-BE54-9A1E7A4F7556}") = "Tyuiu.ZhuriloNA.Sprint4.Task3.V22", "Tyuiu.ZhuriloNA.Sprint4.Task3.V22\Tyuiu.ZhuriloNA.Sprint4.Task3.V22.csproj", "{FDAF9D78-C7EB-4D89-860F-5A0A9CA14DCD}"
EndProject
Project("{9A19103F-16F7-4668-BE54-9A1E7A4F7556}") = "Tyuiu.ZhuriloNA.Sprint4.Task3.V22.Lib", "Tyuiu.ZhuriloNA.Sprint4.Task3.V22.Lib\Tyuiu.ZhuriloNA.Sprint4.Task3.V22.Lib.csproj", "{325346C8-0121-4E75-BF82-8BFBC370125E}"
EndProject
Project("{9A19103F-16F7-4668-BE54-9A1E7A4F7556}") = "Tyuiu.ZhuriloNA.Sprint4.Task3.V22.Test", "Tyuiu.ZhuriloNA.Sprint4.Task3.V22.Test\Tyuiu.ZhuriloNA.Sprint4.Task3.V22.Test.csproj", "{4B37F645-4503-4DA9-9E5D-305C9EE56490}"
EndProject
Project("{2150E333-8FDC-42A3-9474-1A3956D46DE8}") = "Task4", "Task4", "{B51AE15A-2952-4DAC-BE70-18D7FDB76539}"
EndProject
Project("{FAE04EC0-301F-11D3-BF4B-00C04F79EFBC}") = "Tyuiu.ZhuriloNA.Sprint4.Task4.V28", "Tyuiu.ZhuriloNA.Sprint4.Task4.V28\Tyuiu.ZhuriloNA.Sprint4.Task4.V28.csproj", "{824A53C1-94E3-4175-8A12-3BFCA51E7992}"
EndProject
Project("{FAE04EC0-301F-11D3-BF4B-00C04F79EFBC}") = "Tyuiu.ZhuriloNA.Sprint4.Task4.V28.Lib", "Tyuiu.ZhuriloNA.Sprint4.Task4.V28.Lib\Tyuiu.ZhuriloNA.Sprint4.Task4.V28.Lib.csproj", "{90E1976A-F5A1-44DD-8D1D-58955EAA2F38}"
EndProject
Project("{FAE04EC0-301F-11D3-BF4B-00C04F79EFBC}") = "Tyuiu.ZhuriloNA.Sprint4.Task4.V28.Test", "Tyuiu.ZhuriloNA.Sprint4.Task4.V28.Test\Tyuiu.ZhuriloNA.Sprint4.Task4.V28.Test.csproj", "{52A88B4C-7B2C-44A9-A3E0-30E05F661797}"
EndProject
Project("{2150E333-8FDC-42A3-9474-1A3956D46DE8}") = "Task5", "Task5", "{24271C1D-E2BF-45FA-889A-C105E7A0DDB6}"
EndProject
Project("{FAE04EC0-301F-11D3-BF4B-00C04F79EFBC}") = "Tyuiu.ZhuriloNA.Sprint4.Task5.V24", "Tyuiu.ZhuriloNA.Sprint4.Task5.V24\Tyuiu.ZhuriloNA.Sprint4.Task5.V24.csproj", "{1FDE3203-6246-4305-9C6D-41685F399493}"
EndProject
Project("{FAE04EC0-301F-11D3-BF4B-00C04F79EFBC}") = "Tyuiu.ZhuriloNA.Sprint4.Task5.V24.Lib", "Tyuiu.ZhuriloNA.Sprint4.Task5.V24.Lib\Tyuiu.ZhuriloNA.Sprint4.Task5.V24.Lib.csproj", "{808C2DBB-2D72-4913-A903-5CCBE6388D82}"
EndProject
Project("{FAE04EC0-301F-11D3-BF4B-00C04F79EFBC}") = "Tyuiu.ZhuriloNA.Sprint4.Task5.V24.Test", "Tyuiu.ZhuriloNA.Sprint4.Task5.V24.Test\Tyuiu.ZhuriloNA.Sprint4.Task5.V24.Test.csproj", "{B592BDAF-5518-4C54-97F0-D12E730D8E63}"
EndProject
Project("{2150E333-8FDC-42A3-9474-1A3956D46DE8}") = "Task6", "Task6", "{0AF090EF-1858-4338-9B7C-54371A0DAE72}"
EndProject
Project("{FAE04EC0-301F-11D3-BF4B-00C04F79EFBC}") = "Tyuiu.ZhuriloNA.Sprint4.Task6.V29", "Tyuiu.ZhuriloNA.Sprint4.Task6.V29\Tyuiu.ZhuriloNA.Sprint4.Task6.V29.csproj", "{4A5F7ECC-5E09-4FE3-BB56-2DBBD8A30D4C}"
EndProject
Project("{FAE04EC0-301F-11D3-BF4B-00C04F79EFBC}") = "Tyuiu.ZhuriloNA.Sprint4.Task6.V29.Lib", "Tyuiu.ZhuriloNA.Sprint4.Task6.V29.Lib\Tyuiu.ZhuriloNA.Sprint4.Task6.V29.Lib.csproj", "{3F13DDD9-CDE3-4B46-B8D7-1D5D9E2BFFEC}"
EndProject
Project("{FAE04EC0-301F-11D3-BF4B-00C04F79EFBC}") = "Tyuiu.ZhuriloNA.Sprint4.Task6.V29.Test", "Tyuiu.ZhuriloNA.Sprint4.Task6.V29.Test\Tyuiu.ZhuriloNA.Sprint4.Task6.V29.Test.csproj", "{A178B08F-CF3A-4924-B8C6-75227508888E}"
EndProject
Project("{2150E333-8FDC-42A3-9474-1A3956D46DE8}") = "Task7", "Task7", "{D3FD0421-33B2-4396-AF23-03CE975206F7}"
EndProject
Project("{FAE04EC0-301F-11D3-BF4B-00C04F79EFBC}") = "Tyuiu.ZhuriloNA.Sprint4.Task7.V19", "Tyuiu.ZhuriloNA.Sprint4.Task7.V19\Tyuiu.ZhuriloNA.Sprint4.Task7.V19.csproj", "{4F624A58-7BF0-45AE-BCD5-D25167C430B6}"
EndProject
Project("{FAE04EC0-301F-11D3-BF4B-00C04F79EFBC}") = "Tyuiu.ZhuriloNA.Sprint4.Task7.V19.Lib", "Tyuiu.ZhuriloNA.Sprint4.Task7.V19.Lib\Tyuiu.ZhuriloNA.Sprint4.Task7.V19.Lib.csproj", "{BEA04B34-657F-40CB-9180-2969702016D9}"
EndProject
Project("{FAE04EC0-301F-11D3-BF4B-00C04F79EFBC}") = "Tyuiu.ZhuriloNA.Sprint4.Task7.V19.Test", "Tyuiu.ZhuriloNA.Sprint4.Task7.V19.Test\Tyuiu.ZhuriloNA.Sprint4.Task7.V19.Test.csproj", "{27A80FCF-C664-4D55-8CE2-98EEC77CE0A1}"
EndProject
Global
	GlobalSection(SolutionConfigurationPlatforms) = preSolution
		Debug|Any CPU = Debug|Any CPU
		Release|Any CPU = Release|Any CPU
	EndGlobalSection
	GlobalSection(ProjectConfigurationPlatforms) = postSolution
		{49732BEA-6CC4-47C6-9451-35D0EE2088FD}.Debug|Any CPU.ActiveCfg = Debug|Any CPU
		{49732BEA-6CC4-47C6-9451-35D0EE2088FD}.Debug|Any CPU.Build.0 = Debug|Any CPU
		{49732BEA-6CC4-47C6-9451-35D0EE2088FD}.Release|Any CPU.ActiveCfg = Release|Any CPU
		{49732BEA-6CC4-47C6-9451-35D0EE2088FD}.Release|Any CPU.Build.0 = Release|Any CPU
		{60D10923-82C1-4132-9476-C76E949FF08B}.Debug|Any CPU.ActiveCfg = Debug|Any CPU
		{60D10923-82C1-4132-9476-C76E949FF08B}.Debug|Any CPU.Build.0 = Debug|Any CPU
		{60D10923-82C1-4132-9476-C76E949FF08B}.Release|Any CPU.ActiveCfg = Release|Any CPU
		{60D10923-82C1-4132-9476-C76E949FF08B}.Release|Any CPU.Build.0 = Release|Any CPU
		{661BF851-7C79-4EBC-99D2-A3FAC1993648}.Debug|Any CPU.ActiveCfg = Debug|Any CPU
		{661BF851-7C79-4EBC-99D2-A3FAC1993648}.Debug|Any CPU.Build.0 = Debug|Any CPU
		{661BF851-7C79-4EBC-99D2-A3FAC1993648}.Release|Any CPU.ActiveCfg = Release|Any CPU
		{661BF851-7C79-4EBC-99D2-A3FAC1993648}.Release|Any CPU.Build.0 = Release|Any CPU
		{76C90090-1D6B-4674-A797-BC0F0B3EF1F4}.Debug|Any CPU.ActiveCfg = Debug|Any CPU
		{76C90090-1D6B-4674-A797-BC0F0B3EF1F4}.Debug|Any CPU.Build.0 = Debug|Any CPU
		{76C90090-1D6B-4674-A797-BC0F0B3EF1F4}.Release|Any CPU.ActiveCfg = Release|Any CPU
		{76C90090-1D6B-4674-A797-BC0F0B3EF1F4}.Release|Any CPU.Build.0 = Release|Any CPU
		{0AE42B32-4507-4989-A772-04AACB873308}.Debug|Any CPU.ActiveCfg = Debug|Any CPU
		{0AE42B32-4507-4989-A772-04AACB873308}.Debug|Any CPU.Build.0 = Debug|Any CPU
		{0AE42B32-4507-4989-A772-04AACB873308}.Release|Any CPU.ActiveCfg = Release|Any CPU
		{0AE42B32-4507-4989-A772-04AACB873308}.Release|Any CPU.Build.0 = Release|Any CPU
		{178285AD-2763-460C-8A19-986FB153B836}.Debug|Any CPU.ActiveCfg = Debug|Any CPU
		{178285AD-2763-460C-8A19-986FB153B836}.Debug|Any CPU.Build.0 = Debug|Any CPU
		{178285AD-2763-460C-8A19-986FB153B836}.Release|Any CPU.ActiveCfg = Release|Any CPU
		{178285AD-2763-460C-8A19-986FB153B836}.Release|Any CPU.Build.0 = Release|Any CPU
		{21F77D83-1854-4669-98DC-4807CCDF465C}.Debug|Any CPU.ActiveCfg = Debug|Any CPU
		{21F77D83-1854-4669-98DC-4807CCDF465C}.Debug|Any CPU.Build.0 = Debug|Any CPU
		{21F77D83-1854-4669-98DC-4807CCDF465C}.Release|Any CPU.ActiveCfg = Release|Any CPU
		{21F77D83-1854-4669-98DC-4807CCDF465C}.Release|Any CPU.Build.0 = Release|Any CPU
		{910F7437-0795-4AEC-BDA3-43CB8A81257A}.Debug|Any CPU.ActiveCfg = Debug|Any CPU
		{910F7437-0795-4AEC-BDA3-43CB8A81257A}.Debug|Any CPU.Build.0 = Debug|Any CPU
		{910F7437-0795-4AEC-BDA3-43CB8A81257A}.Release|Any CPU.ActiveCfg = Release|Any CPU
		{910F7437-0795-4AEC-BDA3-43CB8A81257A}.Release|Any CPU.Build.0 = Release|Any CPU
		{EDD35FC1-9879-47CA-8D00-A06042F1B650}.Debug|Any CPU.ActiveCfg = Debug|Any CPU
		{EDD35FC1-9879-47CA-8D00-A06042F1B650}.Debug|Any CPU.Build.0 = Debug|Any CPU
		{EDD35FC1-9879-47CA-8D00-A06042F1B650}.Release|Any CPU.ActiveCfg = Release|Any CPU
		{EDD35FC1-9879-47CA-8D00-A06042F1B650}.Release|Any CPU.Build.0 = Release|Any CPU
		{FDAF9D78-C7EB-4D89-860F-5A0A9CA14DCD}.Debug|Any CPU.ActiveCfg = Debug|Any CPU
		{FDAF9D78-C7EB-4D89-860F-5A0A9CA14DCD}.Debug|Any CPU.Build.0 = Debug|Any CPU
		{FDAF9D78-C7EB-4D89-860F-5A0A9CA14DCD}.Release|Any CPU.ActiveCfg = Release|Any CPU
		{FDAF9D78-C7EB-4D89-860F-5A0A9CA14DCD}.Release|Any CPU.Build.0 = Release|Any CPU
		{325346C8-0121-4E75-BF82-8BFBC370125E}.Debug|Any CPU.ActiveCfg = Debug|Any CPU
		{325346C8-0121-4E75-BF82-8BFBC370125E}.Debug|Any CPU.Build.0 = Debug|Any CPU
		{325346C8-0121-4E75-BF82-8BFBC370125E}.Release|Any CPU.ActiveCfg = Release|Any CPU
		{325346C8-0121-4E75-BF82-8BFBC370125E}.Release|Any CPU.Build.0 = Release|Any CPU
		{4B37F645-4503-4DA9-9E5D-305C9EE56490}.Debug|Any CPU.ActiveCfg = Debug|Any CPU
		{4B37F645-4503-4DA9-9E5D-305C9EE56490}.Debug|Any CPU.Build.0 = Debug|Any CPU
		{4B37F645-4503-4DA9-9E5D-305C9EE56490}.Release|Any CPU.ActiveCfg = Release|Any CPU
		{4B37F645-4503-4DA9-9E5D-305C9EE56490}.Release|Any CPU.Build.0 = Release|Any CPU
		{824A53C1-94E3-4175-8A12-3BFCA51E7992}.Debug|Any CPU.ActiveCfg = Debug|Any CPU
		{824A53C1-94E3-4175-8A12-3BFCA51E7992}.Debug|Any CPU.Build.0 = Debug|Any CPU
		{824A53C1-94E3-4175-8A12-3BFCA51E7992}.Release|Any CPU.ActiveCfg = Release|Any CPU
		{824A53C1-94E3-4175-8A12-3BFCA51E7992}.Release|Any CPU.Build.0 = Release|Any CPU
		{90E1976A-F5A1-44DD-8D1D-58955EAA2F38}.Debug|Any CPU.ActiveCfg = Debug|Any CPU
		{90E1976A-F5A1-44DD-8D1D-58955EAA2F38}.Debug|Any CPU.Build.0 = Debug|Any CPU
		{90E1976A-F5A1-44DD-8D1D-58955EAA2F38}.Release|Any CPU.ActiveCfg = Release|Any CPU
		{90E1976A-F5A1-44DD-8D1D-58955EAA2F38}.Release|Any CPU.Build.0 = Release|Any CPU
		{52A88B4C-7B2C-44A9-A3E0-30E05F661797}.Debug|Any CPU.ActiveCfg = Debug|Any CPU
		{52A88B4C-7B2C-44A9-A3E0-30E05F661797}.Debug|Any CPU.Build.0 = Debug|Any CPU
		{52A88B4C-7B2C-44A9-A3E0-30E05F661797}.Release|Any CPU.ActiveCfg = Release|Any CPU
		{52A88B4C-7B2C-44A9-A3E0-30E05F661797}.Release|Any CPU.Build.0 = Release|Any CPU
		{1FDE3203-6246-4305-9C6D-41685F399493}.Debug|Any CPU.ActiveCfg = Debug|Any CPU
		{1FDE3203-6246-4305-9C6D-41685F399493}.Debug|Any CPU.Build.0 = Debug|Any CPU
		{1FDE3203-6246-4305-9C6D-41685F399493}.Release|Any CPU.ActiveCfg = Release|Any CPU
		{1FDE3203-6246-4305-9C6D-41685F399493}.Release|Any CPU.Build.0 = Release|Any CPU
		{808C2DBB-2D72-4913-A903-5CCBE6388D82}.Debug|Any CPU.ActiveCfg = Debug|Any CPU
		{808C2DBB-2D72-4913-A903-5CCBE6388D82}.Debug|Any CPU.Build.0 = Debug|Any CPU
		{808C2DBB-2D72-4913-A903-5CCBE6388D82}.Release|Any CPU.ActiveCfg = Release|Any CPU
		{808C2DBB-2D72-4913-A903-5CCBE6388D82}.Release|Any CPU.Build.0 = Release|Any CPU
		{B592BDAF-5518-4C54-97F0-D12E730D8E63}.Debug|Any CPU.ActiveCfg = Debug|Any CPU
		{B592BDAF-5518-4C54-97F0-D12E730D8E63}.Debug|Any CPU.Build.0 = Debug|Any CPU
		{B592BDAF-5518-4C54-97F0-D12E730D8E63}.Release|Any CPU.ActiveCfg = Release|Any CPU
		{B592BDAF-5518-4C54-97F0-D12E730D8E63}.Release|Any CPU.Build.0 = Release|Any CPU
		{4A5F7ECC-5E09-4FE3-BB56-2DBBD8A30D4C}.Debug|Any CPU.ActiveCfg = Debug|Any CPU
		{4A5F7ECC-5E09-4FE3-BB56-2DBBD8A30D4C}.Debug|Any CPU.Build.0 = Debug|Any CPU
		{4A5F7ECC-5E09-4FE3-BB56-2DBBD8A30D4C}.Release|Any CPU.ActiveCfg = Release|Any CPU
		{4A5F7ECC-5E09-4FE3-BB56-2DBBD8A30D4C}.Release|Any CPU.Build.0 = Release|Any CPU
		{3F13DDD9-CDE3-4B46-B8D7-1D5D9E2BFFEC}.Debug|Any CPU.ActiveCfg = Debug|Any CPU
		{3F13DDD9-CDE3-4B46-B8D7-1D5D9E2BFFEC}.Debug|Any CPU.Build.0 = Debug|Any CPU
		{3F13DDD9-CDE3-4B46-B8D7-1D5D9E2BFFEC}.Release|Any CPU.ActiveCfg = Release|Any CPU
		{3F13DDD9-CDE3-4B46-B8D7-1D5D9E2BFFEC}.Release|Any CPU.Build.0 = Release|Any CPU
		{A178B08F-CF3A-4924-B8C6-75227508888E}.Debug|Any CPU.ActiveCfg = Debug|Any CPU
		{A178B08F-CF3A-4924-B8C6-75227508888E}.Debug|Any CPU.Build.0 = Debug|Any CPU
		{A178B08F-CF3A-4924-B8C6-75227508888E}.Release|Any CPU.ActiveCfg = Release|Any CPU
		{A178B08F-CF3A-4924-B8C6-75227508888E}.Release|Any CPU.Build.0 = Release|Any CPU
		{4F624A58-7BF0-45AE-BCD5-D25167C430B6}.Debug|Any CPU.ActiveCfg = Debug|Any CPU
		{4F624A58-7BF0-45AE-BCD5-D25167C430B6}.Debug|Any CPU.Build.0 = Debug|Any CPU
		{4F624A58-7BF0-45AE-BCD5-D25167C430B6}.Release|Any CPU.ActiveCfg = Release|Any CPU
		{4F624A58-7BF0-45AE-BCD5-D25167C430B6}.Release|Any CPU.Build.0 = Release|Any CPU
		{BEA04B34-657F-40CB-9180-2969702016D9}.Debug|Any CPU.ActiveCfg = Debug|Any CPU
		{BEA04B34-657F-40CB-9180-2969702016D9}.Debug|Any CPU.Build.0 = Debug|Any CPU
		{BEA04B34-657F-40CB-9180-2969702016D9}.Release|Any CPU.ActiveCfg = Release|Any CPU
		{BEA04B34-657F-40CB-9180-2969702016D9}.Release|Any CPU.Build.0 = Release|Any CPU
		{27A80FCF-C664-4D55-8CE2-98EEC77CE0A1}.Debug|Any CPU.ActiveCfg = Debug|Any CPU
		{27A80FCF-C664-4D55-8CE2-98EEC77CE0A1}.Debug|Any CPU.Build.0 = Debug|Any CPU
		{27A80FCF-C664-4D55-8CE2-98EEC77CE0A1}.Release|Any CPU.ActiveCfg = Release|Any CPU
		{27A80FCF-C664-4D55-8CE2-98EEC77CE0A1}.Release|Any CPU.Build.0 = Release|Any CPU
	EndGlobalSection
	GlobalSection(SolutionProperties) = preSolution
		HideSolutionNode = FALSE
	EndGlobalSection
	GlobalSection(NestedProjects) = preSolution
		{49732BEA-6CC4-47C6-9451-35D0EE2088FD} = {ACA683D0-330B-4E67-A55A-5E6A9232B2A2}
		{60D10923-82C1-4132-9476-C76E949FF08B} = {ACA683D0-330B-4E67-A55A-5E6A9232B2A2}
		{661BF851-7C79-4EBC-99D2-A3FAC1993648} = {ACA683D0-330B-4E67-A55A-5E6A9232B2A2}
		{76C90090-1D6B-4674-A797-BC0F0B3EF1F4} = {D1FFE22A-406D-4415-B2CC-D3358CDD1BF9}
		{0AE42B32-4507-4989-A772-04AACB873308} = {D1FFE22A-406D-4415-B2CC-D3358CDD1BF9}
		{178285AD-2763-460C-8A19-986FB153B836} = {D1FFE22A-406D-4415-B2CC-D3358CDD1BF9}
		{21F77D83-1854-4669-98DC-4807CCDF465C} = {1E134585-8BDE-4D8C-8CD9-FE13B0BFC596}
		{910F7437-0795-4AEC-BDA3-43CB8A81257A} = {1E134585-8BDE-4D8C-8CD9-FE13B0BFC596}
		{EDD35FC1-9879-47CA-8D00-A06042F1B650} = {1E134585-8BDE-4D8C-8CD9-FE13B0BFC596}
		{FDAF9D78-C7EB-4D89-860F-5A0A9CA14DCD} = {B3A1E1A0-B838-4765-906A-1CFFFE1CF689}
		{325346C8-0121-4E75-BF82-8BFBC370125E} = {B3A1E1A0-B838-4765-906A-1CFFFE1CF689}
		{4B37F645-4503-4DA9-9E5D-305C9EE56490} = {B3A1E1A0-B838-4765-906A-1CFFFE1CF689}
		{824A53C1-94E3-4175-8A12-3BFCA51E7992} = {B51AE15A-2952-4DAC-BE70-18D7FDB76539}
		{90E1976A-F5A1-44DD-8D1D-58955EAA2F38} = {B51AE15A-2952-4DAC-BE70-18D7FDB76539}
		{52A88B4C-7B2C-44A9-A3E0-30E05F661797} = {B51AE15A-2952-4DAC-BE70-18D7FDB76539}
		{1FDE3203-6246-4305-9C6D-41685F399493} = {24271C1D-E2BF-45FA-889A-C105E7A0DDB6}
		{808C2DBB-2D72-4913-A903-5CCBE6388D82} = {24271C1D-E2BF-45FA-889A-C105E7A0DDB6}
		{B592BDAF-5518-4C54-97F0-D12E730D8E63} = {24271C1D-E2BF-45FA-889A-C105E7A0DDB6}
		{4A5F7ECC-5E09-4FE3-BB56-2DBBD8A30D4C} = {0AF090EF-1858-4338-9B7C-54371A0DAE72}
		{3F13DDD9-CDE3-4B46-B8D7-1D5D9E2BFFEC} = {0AF090EF-1858-4338-9B7C-54371A0DAE72}
		{A178B08F-CF3A-4924-B8C6-75227508888E} = {0AF090EF-1858-4338-9B7C-54371A0DAE72}
		{4F624A58-7BF0-45AE-BCD5-D25167C430B6} = {D3FD0421-33B2-4396-AF23-03CE975206F7}
		{BEA04B34-657F-40CB-9180-2969702016D9} = {D3FD0421-33B2-4396-AF23-03CE975206F7}
		{27A80FCF-C664-4D55-8CE2-98EEC77CE0A1} = {D3FD0421-33B2-4396-AF23-03CE975206F7}
	EndGlobalSection
	GlobalSection(ExtensibilityGlobals) = postSolution
		SolutionGuid = {E3570A2E-9EF2-4EB6-A24D-F0FA11464C90}
	EndGlobalSection
EndGlobal
